
Microsoft Visual Studio Solution File, Format Version 12.00
# Visual Studio 15
VisualStudioVersion = 15.0.28307.757
MinimumVisualStudioVersion = 10.0.40219.1
Project("{FAE04EC0-301F-11D3-BF4B-00C04F79EFBC}") = "App_ConsultaCEP.Android", "App_ConsultaCEP\App_ConsultaCEP.Android\App_ConsultaCEP.Android.csproj", "{3F178148-59B8-4956-AB52-1DC23AEC6737}"
EndProject
Project("{FAE04EC0-301F-11D3-BF4B-00C04F79EFBC}") = "App_ConsultaCEP.iOS", "App_ConsultaCEP\App_ConsultaCEP.iOS\App_ConsultaCEP.iOS.csproj", "{8C70818A-4FDD-42FC-993B-368BDE061B19}"
EndProject
Project("{FAE04EC0-301F-11D3-BF4B-00C04F79EFBC}") = "App_ConsultaCEP", "App_ConsultaCEP\App_ConsultaCEP\App_ConsultaCEP.csproj", "{813695C5-E5D4-48ED-A216-15D5F6BF77CE}"
EndProject
Global
	GlobalSection(SolutionConfigurationPlatforms) = preSolution
		Ad-Hoc|Any CPU = Ad-Hoc|Any CPU
		Ad-Hoc|iPhone = Ad-Hoc|iPhone
		Ad-Hoc|iPhoneSimulator = Ad-Hoc|iPhoneSimulator
		AppStore|Any CPU = AppStore|Any CPU
		AppStore|iPhone = AppStore|iPhone
		AppStore|iPhoneSimulator = AppStore|iPhoneSimulator
		Debug|Any CPU = Debug|Any CPU
		Debug|iPhone = Debug|iPhone
		Debug|iPhoneSimulator = Debug|iPhoneSimulator
		Release|Any CPU = Release|Any CPU
		Release|iPhone = Release|iPhone
		Release|iPhoneSimulator = Release|iPhoneSimulator
	EndGlobalSection
	GlobalSection(ProjectConfigurationPlatforms) = postSolution
		{3F178148-59B8-4956-AB52-1DC23AEC6737}.Ad-Hoc|Any CPU.ActiveCfg = Release|Any CPU
		{3F178148-59B8-4956-AB52-1DC23AEC6737}.Ad-Hoc|Any CPU.Build.0 = Release|Any CPU
		{3F178148-59B8-4956-AB52-1DC23AEC6737}.Ad-Hoc|Any CPU.Deploy.0 = Release|Any CPU
		{3F178148-59B8-4956-AB52-1DC23AEC6737}.Ad-Hoc|iPhone.ActiveCfg = Release|Any CPU
		{3F178148-59B8-4956-AB52-1DC23AEC6737}.Ad-Hoc|iPhone.Build.0 = Release|Any CPU
		{3F178148-59B8-4956-AB52-1DC23AEC6737}.Ad-Hoc|iPhone.Deploy.0 = Release|Any CPU
		{3F178148-59B8-4956-AB52-1DC23AEC6737}.Ad-Hoc|iPhoneSimulator.ActiveCfg = Release|Any CPU
		{3F178148-59B8-4956-AB52-1DC23AEC6737}.Ad-Hoc|iPhoneSimulator.Build.0 = Release|Any CPU
		{3F178148-59B8-4956-AB52-1DC23AEC6737}.Ad-Hoc|iPhoneSimulator.Deploy.0 = Release|Any CPU
		{3F178148-59B8-4956-AB52-1DC23AEC6737}.AppStore|Any CPU.ActiveCfg = Release|Any CPU
		{3F178148-59B8-4956-AB52-1DC23AEC6737}.AppStore|Any CPU.Build.0 = Release|Any CPU
		{3F178148-59B8-4956-AB52-1DC23AEC6737}.AppStore|Any CPU.Deploy.0 = Release|Any CPU
		{3F178148-59B8-4956-AB52-1DC23AEC6737}.AppStore|iPhone.ActiveCfg = Release|Any CPU
		{3F178148-59B8-4956-AB52-1DC23AEC6737}.AppStore|iPhone.Build.0 = Release|Any CPU
		{3F178148-59B8-4956-AB52-1DC23AEC6737}.AppStore|iPhone.Deploy.0 = Release|Any CPU
		{3F178148-59B8-4956-AB52-1DC23AEC6737}.AppStore|iPhoneSimulator.ActiveCfg = Release|Any CPU
		{3F178148-59B8-4956-AB52-1DC23AEC6737}.AppStore|iPhoneSimulator.Build.0 = Release|Any CPU
		{3F178148-59B8-4956-AB52-1DC23AEC6737}.AppStore|iPhoneSimulator.Deploy.0 = Release|Any CPU
		{3F178148-59B8-4956-AB52-1DC23AEC6737}.Debug|Any CPU.ActiveCfg = Debug|Any CPU
		{3F178148-59B8-4956-AB52-1DC23AEC6737}.Debug|Any CPU.Build.0 = Debug|Any CPU
		{3F178148-59B8-4956-AB52-1DC23AEC6737}.Debug|Any CPU.Deploy.0 = Debug|Any CPU
		{3F178148-59B8-4956-AB52-1DC23AEC6737}.Debug|iPhone.ActiveCfg = Debug|Any CPU
		{3F178148-59B8-4956-AB52-1DC23AEC6737}.Debug|iPhone.Build.0 = Debug|Any CPU
		{3F178148-59B8-4956-AB52-1DC23AEC6737}.Debug|iPhone.Deploy.0 = Debug|Any CPU
		{3F178148-59B8-4956-AB52-1DC23AEC6737}.Debug|iPhoneSimulator.ActiveCfg = Debug|Any CPU
		{3F178148-59B8-4956-AB52-1DC23AEC6737}.Debug|iPhoneSimulator.Build.0 = Debug|Any CPU
		{3F178148-59B8-4956-AB52-1DC23AEC6737}.Debug|iPhoneSimulator.Deploy.0 = Debug|Any CPU
		{3F178148-59B8-4956-AB52-1DC23AEC6737}.Release|Any CPU.ActiveCfg = Release|Any CPU
		{3F178148-59B8-4956-AB52-1DC23AEC6737}.Release|Any CPU.Build.0 = Release|Any CPU
		{3F178148-59B8-4956-AB52-1DC23AEC6737}.Release|Any CPU.Deploy.0 = Release|Any CPU
		{3F178148-59B8-4956-AB52-1DC23AEC6737}.Release|iPhone.ActiveCfg = Release|Any CPU
		{3F178148-59B8-4956-AB52-1DC23AEC6737}.Release|iPhone.Build.0 = Release|Any CPU
		{3F178148-59B8-4956-AB52-1DC23AEC6737}.Release|iPhone.Deploy.0 = Release|Any CPU
		{3F178148-59B8-4956-AB52-1DC23AEC6737}.Release|iPhoneSimulator.ActiveCfg = Release|Any CPU
		{3F178148-59B8-4956-AB52-1DC23AEC6737}.Release|iPhoneSimulator.Build.0 = Release|Any CPU
		{3F178148-59B8-4956-AB52-1DC23AEC6737}.Release|iPhoneSimulator.Deploy.0 = Release|Any CPU
		{8C70818A-4FDD-42FC-993B-368BDE061B19}.Ad-Hoc|Any CPU.ActiveCfg = Ad-Hoc|iPhone
		{8C70818A-4FDD-42FC-993B-368BDE061B19}.Ad-Hoc|Any CPU.Build.0 = Ad-Hoc|iPhone
		{8C70818A-4FDD-42FC-993B-368BDE061B19}.Ad-Hoc|Any CPU.Deploy.0 = Ad-Hoc|iPhone
		{8C70818A-4FDD-42FC-993B-368BDE061B19}.Ad-Hoc|iPhone.ActiveCfg = Ad-Hoc|iPhone
		{8C70818A-4FDD-42FC-993B-368BDE061B19}.Ad-Hoc|iPhone.Build.0 = Ad-Hoc|iPhone
		{8C70818A-4FDD-42FC-993B-368BDE061B19}.Ad-Hoc|iPhone.Deploy.0 = Ad-Hoc|iPhone
		{8C70818A-4FDD-42FC-993B-368BDE061B19}.Ad-Hoc|iPhoneSimulator.ActiveCfg = Ad-Hoc|iPhoneSimulator
		{8C70818A-4FDD-42FC-993B-368BDE061B19}.Ad-Hoc|iPhoneSimulator.Build.0 = Ad-Hoc|iPhoneSimulator
		{8C70818A-4FDD-42FC-993B-368BDE061B19}.Ad-Hoc|iPhoneSimulator.Deploy.0 = Ad-Hoc|iPhoneSimulator
		{8C70818A-4FDD-42FC-993B-368BDE061B19}.AppStore|Any CPU.ActiveCfg = AppStore|iPhone
		{8C70818A-4FDD-42FC-993B-368BDE061B19}.AppStore|Any CPU.Build.0 = AppStore|iPhone
		{8C70818A-4FDD-42FC-993B-368BDE061B19}.AppStore|Any CPU.Deploy.0 = AppStore|iPhone
		{8C70818A-4FDD-42FC-993B-368BDE061B19}.AppStore|iPhone.ActiveCfg = AppStore|iPhone
		{8C70818A-4FDD-42FC-993B-368BDE061B19}.AppStore|iPhone.Build.0 = AppStore|iPhone
		{8C70818A-4FDD-42FC-993B-368BDE061B19}.AppStore|iPhone.Deploy.0 = AppStore|iPhone
		{8C70818A-4FDD-42FC-993B-368BDE061B19}.AppStore|iPhoneSimulator.ActiveCfg = AppStore|iPhoneSimulator
		{8C70818A-4FDD-42FC-993B-368BDE061B19}.AppStore|iPhoneSimulator.Build.0 = AppStore|iPhoneSimulator
		{8C70818A-4FDD-42FC-993B-368BDE061B19}.AppStore|iPhoneSimulator.Deploy.0 = AppStore|iPhoneSimulator
		{8C70818A-4FDD-42FC-993B-368BDE061B19}.Debug|Any CPU.ActiveCfg = Debug|iPhoneSimulator
		{8C70818A-4FDD-42FC-993B-368BDE061B19}.Debug|Any CPU.Build.0 = Debug|iPhoneSimulator
		{8C70818A-4FDD-42FC-993B-368BDE061B19}.Debug|Any CPU.Deploy.0 = Debug|iPhoneSimulator
		{8C70818A-4FDD-42FC-993B-368BDE061B19}.Debug|iPhone.ActiveCfg = Debug|iPhone
		{8C70818A-4FDD-42FC-993B-368BDE061B19}.Debug|iPhone.Build.0 = Debug|iPhone
		{8C70818A-4FDD-42FC-993B-368BDE061B19}.Debug|iPhone.Deploy.0 = Debug|iPhone
		{8C70818A-4FDD-42FC-993B-368BDE061B19}.Debug|iPhoneSimulator.ActiveCfg = Debug|iPhoneSimulator
		{8C70818A-4FDD-42FC-993B-368BDE061B19}.Debug|iPhoneSimulator.Build.0 = Debug|iPhoneSimulator
		{8C70818A-4FDD-42FC-993B-368BDE061B19}.Debug|iPhoneSimulator.Deploy.0 = Debug|iPhoneSimulator
		{8C70818A-4FDD-42FC-993B-368BDE061B19}.Release|Any CPU.ActiveCfg = Release|iPhone
		{8C70818A-4FDD-42FC-993B-368BDE061B19}.Release|Any CPU.Build.0 = Release|iPhone
		{8C70818A-4FDD-42FC-993B-368BDE061B19}.Release|Any CPU.Deploy.0 = Release|iPhone
		{8C70818A-4FDD-42FC-993B-368BDE061B19}.Release|iPhone.ActiveCfg = Release|iPhone
		{8C70818A-4FDD-42FC-993B-368BDE061B19}.Release|iPhone.Build.0 = Release|iPhone
		{8C70818A-4FDD-42FC-993B-368BDE061B19}.Release|iPhone.Deploy.0 = Release|iPhone
		{8C70818A-4FDD-42FC-993B-368BDE061B19}.Release|iPhoneSimulator.ActiveCfg = Release|iPhoneSimulator
		{8C70818A-4FDD-42FC-993B-368BDE061B19}.Release|iPhoneSimulator.Build.0 = Release|iPhoneSimulator
		{8C70818A-4FDD-42FC-993B-368BDE061B19}.Release|iPhoneSimulator.Deploy.0 = Release|iPhoneSimulator
		{813695C5-E5D4-48ED-A216-15D5F6BF77CE}.Ad-Hoc|Any CPU.ActiveCfg = Debug|Any CPU
		{813695C5-E5D4-48ED-A216-15D5F6BF77CE}.Ad-Hoc|Any CPU.Build.0 = Debug|Any CPU
		{813695C5-E5D4-48ED-A216-15D5F6BF77CE}.Ad-Hoc|Any CPU.Deploy.0 = Debug|Any CPU
		{813695C5-E5D4-48ED-A216-15D5F6BF77CE}.Ad-Hoc|iPhone.ActiveCfg = Debug|Any CPU
		{813695C5-E5D4-48ED-A216-15D5F6BF77CE}.Ad-Hoc|iPhone.Build.0 = Debug|Any CPU
		{813695C5-E5D4-48ED-A216-15D5F6BF77CE}.Ad-Hoc|iPhone.Deploy.0 = Debug|Any CPU
		{813695C5-E5D4-48ED-A216-15D5F6BF77CE}.Ad-Hoc|iPhoneSimulator.ActiveCfg = Debug|Any CPU
		{813695C5-E5D4-48ED-A216-15D5F6BF77CE}.Ad-Hoc|iPhoneSimulator.Build.0 = Debug|Any CPU
		{813695C5-E5D4-48ED-A216-15D5F6BF77CE}.Ad-Hoc|iPhoneSimulator.Deploy.0 = Debug|Any CPU
		{813695C5-E5D4-48ED-A216-15D5F6BF77CE}.AppStore|Any CPU.ActiveCfg = Debug|Any CPU
		{813695C5-E5D4-48ED-A216-15D5F6BF77CE}.AppStore|Any CPU.Build.0 = Debug|Any CPU
		{813695C5-E5D4-48ED-A216-15D5F6BF77CE}.AppStore|Any CPU.Deploy.0 = Debug|Any CPU
		{813695C5-E5D4-48ED-A216-15D5F6BF77CE}.AppStore|iPhone.ActiveCfg = Debug|Any CPU
		{813695C5-E5D4-48ED-A216-15D5F6BF77CE}.AppStore|iPhone.Build.0 = Debug|Any CPU
		{813695C5-E5D4-48ED-A216-15D5F6BF77CE}.AppStore|iPhone.Deploy.0 = Debug|Any CPU
		{813695C5-E5D4-48ED-A216-15D5F6BF77CE}.AppStore|iPhoneSimulator.ActiveCfg = Debug|Any CPU
		{813695C5-E5D4-48ED-A216-15D5F6BF77CE}.AppStore|iPhoneSimulator.Build.0 = Debug|Any CPU
		{813695C5-E5D4-48ED-A216-15D5F6BF77CE}.AppStore|iPhoneSimulator.Deploy.0 = Debug|Any CPU
		{813695C5-E5D4-48ED-A216-15D5F6BF77CE}.Debug|Any CPU.ActiveCfg = Debug|Any CPU
		{813695C5-E5D4-48ED-A216-15D5F6BF77CE}.Debug|Any CPU.Build.0 = Debug|Any CPU
		{813695C5-E5D4-48ED-A216-15D5F6BF77CE}.Debug|Any CPU.Deploy.0 = Debug|Any CPU
		{813695C5-E5D4-48ED-A216-15D5F6BF77CE}.Debug|iPhone.ActiveCfg = Debug|Any CPU
		{813695C5-E5D4-48ED-A216-15D5F6BF77CE}.Debug|iPhone.Build.0 = Debug|Any CPU
		{813695C5-E5D4-48ED-A216-15D5F6BF77CE}.Debug|iPhone.Deploy.0 = Debug|Any CPU
		{813695C5-E5D4-48ED-A216-15D5F6BF77CE}.Debug|iPhoneSimulator.ActiveCfg = Debug|Any CPU
		{813695C5-E5D4-48ED-A216-15D5F6BF77CE}.Debug|iPhoneSimulator.Build.0 = Debug|Any CPU
		{813695C5-E5D4-48ED-A216-15D5F6BF77CE}.Debug|iPhoneSimulator.Deploy.0 = Debug|Any CPU
		{813695C5-E5D4-48ED-A216-15D5F6BF77CE}.Release|Any CPU.ActiveCfg = Release|Any CPU
		{813695C5-E5D4-48ED-A216-15D5F6BF77CE}.Release|Any CPU.Build.0 = Release|Any CPU
		{813695C5-E5D4-48ED-A216-15D5F6BF77CE}.Release|Any CPU.Deploy.0 = Release|Any CPU
		{813695C5-E5D4-48ED-A216-15D5F6BF77CE}.Release|iPhone.ActiveCfg = Release|Any CPU
		{813695C5-E5D4-48ED-A216-15D5F6BF77CE}.Release|iPhone.Build.0 = Release|Any CPU
		{813695C5-E5D4-48ED-A216-15D5F6BF77CE}.Release|iPhone.Deploy.0 = Release|Any CPU
		{813695C5-E5D4-48ED-A216-15D5F6BF77CE}.Release|iPhoneSimulator.ActiveCfg = Release|Any CPU
		{813695C5-E5D4-48ED-A216-15D5F6BF77CE}.Release|iPhoneSimulator.Build.0 = Release|Any CPU
		{813695C5-E5D4-48ED-A216-15D5F6BF77CE}.Release|iPhoneSimulator.Deploy.0 = Release|Any CPU
	EndGlobalSection
	GlobalSection(SolutionProperties) = preSolution
		HideSolutionNode = FALSE
	EndGlobalSection
	GlobalSection(ExtensibilityGlobals) = postSolution
		SolutionGuid = {BC677A92-2125-4BFE-B54F-9F4BFEA295D4}
	EndGlobalSection
EndGlobal
